uuid: 9d8ad32e-24c0-49bb-9717-509445906e08
langcode: en
status: false
dependencies:
  content:
    - 'block_content:basic:884618a5-48f5-44ca-9b94-5390aa0ab05c'
  module:
    - block_content
    - system
  theme:
    - internship2017
id: internship2017_selectioncommitteeblock
theme: internship2017
region: '-1'
weight: -5
provider: null
plugin: 'block_content:884618a5-48f5-44ca-9b94-5390aa0ab05c'
settings:
  id: 'block_content:884618a5-48f5-44ca-9b94-5390aa0ab05c'
  label: 'selection committee block'
  provider: block_content
  label_display: visible
  status: true
  info: ''
  view_mode: full
visibility:
  request_path:
    id: request_path
    pages: /session
    negate: false
    context_mapping: {  }
